
Microsoft Visual Studio Solution File, Format Version 11.00
# Visual Studio 2010
Project("{F184B08F-C81C-45F6-A57F-5ABD9991F28F}") = "SimpleFileBlocker", "SimpleFileBlocker\SimpleFileBlocker.vbproj", "{BC6419ED-0E9C-4843-9D61-842615884E2B}"
EndProject
Global
	GlobalSection(SolutionConfigurationPlatforms) = preSolution
		Debug|x86 = Debug|x86
		Release|x86 = Release|x86
	EndGlobalSection
	GlobalSection(ProjectConfigurationPlatforms) = postSolution
		{BC6419ED-0E9C-4843-9D61-842615884E2B}.Debug|x86.ActiveCfg = Debug|x86
		{BC6419ED-0E9C-4843-9D61-842615884E2B}.Debug|x86.Build.0 = Debug|x86
		{BC6419ED-0E9C-4843-9D61-842615884E2B}.Release|x86.ActiveCfg = Release|x86
		{BC6419ED-0E9C-4843-9D61-842615884E2B}.Release|x86.Build.0 = Release|x86
	EndGlobalSection
	GlobalSection(SolutionProperties) = preSolution
		HideSolutionNode = FALSE
	EndGlobalSection
EndGlobal
